
Microsoft Visual Studio Solution File, Format Version 12.00
# Visual Studio Version 16
VisualStudioVersion = 16.0.33529.622
MinimumVisualStudioVersion = 10.0.40219.1
Project("{FAE04EC0-301F-11D3-BF4B-00C04F79EFBC}") = "WindowsFormsApp", "WindowsFormsApp\WindowsFormsApp.csproj", "{FA16F2A4-A498-4AE3-8BD4-B57362253AD4}"
EndProject
Global
	GlobalSection(SolutionConfigurationPlatforms) = preSolution
		Debug|Any CPU = Debug|Any CPU
		Release|Any CPU = Release|Any CPU
	EndGlobalSection
	GlobalSection(ProjectConfigurationPlatforms) = postSolution
		{FA16F2A4-A498-4AE3-8BD4-B57362253AD4}.Debug|Any CPU.ActiveCfg = Debug|Any CPU
		{FA16F2A4-A498-4AE3-8BD4-B57362253AD4}.Debug|Any CPU.Build.0 = Debug|Any CPU
		{FA16F2A4-A498-4AE3-8BD4-B57362253AD4}.Release|Any CPU.ActiveCfg = Release|Any CPU
		{FA16F2A4-A498-4AE3-8BD4-B57362253AD4}.Release|Any CPU.Build.0 = Release|Any CPU
	EndGlobalSection
	GlobalSection(SolutionProperties) = preSolution
		HideSolutionNode = FALSE
	EndGlobalSection
	GlobalSection(ExtensibilityGlobals) = postSolution
		SolutionGuid = {4F6C8B62-8165-4CA2-9408-CD667EBE0716}
	EndGlobalSection
EndGlobal
